// !$*UTF8*$!
{
	archiveVersion = 1;
	classes = {
	};
	objectVersion = 46;
	objects = {

/* Begin PBXBuildFile section */
		F4289D7F1C5D69A3009CFDAF /* main.cpp in Sources */ = {isa = PBXBuildFile; fileRef = F4289D7E1C5D69A3009CFDAF /* main.cpp */; };
		F4289D871C5D6A1D009CFDAF /* GLUT.framework in Frameworks */ = {isa = PBXBuildFile; fileRef = F4289D851C5D6A1C009CFDAF /* GLUT.framework */; };
		F4289D881C5D6A1D009CFDAF /* OpenGL.framework in Frameworks */ = {isa = PBXBuildFile; fileRef = F4289D861C5D6A1D009CFDAF /* OpenGL.framework */; };
/* End PBXBuildFile section */

/* Begin PBXCopyFilesBuildPhase section */
		F4289D791C5D69A1009CFDAF /* CopyFiles */ = {
			isa = PBXCopyFilesBuildPhase;
			buildActionMask = 2147483647;
			dstPath = /usr/share/man/man1/;
			dstSubfolderSpec = 0;
			files = (
			);
			runOnlyForDeploymentPostprocessing = 1;
		};
/* End PBXCopyFilesBuildPhase section */

/* Begin PBXFileReference section */
		F4289D7B1C5D69A1009CFDAF /* cronometro */ = {isa = PBXFileReference; explicitFileType = "compiled.mach-o.executable"; includeInIndex = 0; path = cronometro; sourceTree = BUILT_PRODUCTS_DIR; };
		F4289D7E1C5D69A3009CFDAF /* main.cpp */ = {isa = PBXFileReference; lastKnownFileType = sourcecode.cpp.cpp; path = main.cpp; sourceTree = "<group>"; };
		F4289D851C5D6A1C009CFDAF /* GLUT.framework */ = {isa = PBXFileReference; lastKnownFileType = wrapper.framework; name = GLUT.framework; path = System/Library/Frameworks/GLUT.framework; sourceTree = SDKROOT; };
		F4289D861C5D6A1D009CFDAF /* OpenGL.framework */ = {isa = PBXFileReference; lastKnownFileType = wrapper.framework; name = OpenGL.framework; path = System/Library/Frameworks/OpenGL.framework; sourceTree = SDKROOT; };
/* End PBXFileReference section */

/* Begin PBXFrameworksBuildPhase section */
		F4289D781C5D69A1009CFDAF /* Frameworks */ = {
			isa = PBXFrameworksBuildPhase;
			buildActionMask = 2147483647;
			files = (
				F4289D871C5D6A1D009CFDAF /* GLUT.framework in Frameworks */,
				F4289D881C5D6A1D009CFDAF /* OpenGL.framework in Frameworks */,
			);
			runOnlyForDeploymentPostprocessing = 0;
		};
/* End PBXFrameworksBuildPhase section */

/* Begin PBXGroup section */
		F4289D721C5D699F009CFDAF = {
			isa = PBXGroup;
			children = (
				F4289D851C5D6A1C009CFDAF /* GLUT.framework */,
				F4289D861C5D6A1D009CFDAF /* OpenGL.framework */,
				F4289D7D1C5D69A2009CFDAF /* cronometro */,
				F4289D7C1C5D69A1009CFDAF /* Products */,
			);
			sourceTree = "<group>";
		};
		F4289D7C1C5D69A1009CFDAF /* Products */ = {
			isa = PBXGroup;
			children = (
				F4289D7B1C5D69A1009CFDAF /* cronometro */,
			);
			name = Products;
			sourceTree = "<group>";
		};
		F4289D7D1C5D69A2009CFDAF /* cronometro */ = {
			isa = PBXGroup;
			children = (
				F4289D7E1C5D69A3009CFDAF /* main.cpp */,
			);
			path = cronometro;
			sourceTree = "<group>";
		};
/* End PBXGroup section */

/* Begin PBXNativeTarget section */
		F4289D7A1C5D69A1009CFDAF /* cronometro */ = {
			isa = PBXNativeTarget;
			buildConfigurationList = F4289D821C5D69A3009CFDAF /* Build configuration list for PBXNativeTarget "cronometro" */;
			buildPhases = (
				F4289D771C5D69A1009CFDAF /* Sources */,
				F4289D781C5D69A1009CFDAF /* Frameworks */,
				F4289D791C5D69A1009CFDAF /* CopyFiles */,
			);
			buildRules = (
			);
			dependencies = (
			);
			name = cronometro;
			productName = cronometro;
			productReference = F4289D7B1C5D69A1009CFDAF /* cronometro */;
			productType = "com.apple.product-type.tool";
		};
/* End PBXNativeTarget section */

/* Begin PBXProject section */
		F4289D731C5D699F009CFDAF /* Project object */ = {
			isa = PBXProject;
			attributes = {
				LastUpgradeCheck = 0720;
				ORGANIZATIONNAME = "Jorge Luis Perales";
				TargetAttributes = {
					F4289D7A1C5D69A1009CFDAF = {
						CreatedOnToolsVersion = 7.2;
					};
				};
			};
			buildConfigurationList = F4289D761C5D69A0009CFDAF /* Build configuration list for PBXProject "cronometro" */;
			compatibilityVersion = "Xcode 3.2";
			developmentRegion = English;
			hasScannedForEncodings = 0;
			knownRegions = (
				en,
			);
			mainGroup = F4289D721C5D699F009CFDAF;
			productRefGroup = F4289D7C1C5D69A1009CFDAF /* Products */;
			projectDirPath = "";
			projectRoot = "";
			targets = (
				F4289D7A1C5D69A1009CFDAF /* cronometro */,
			);
		};
/* End PBXProject section */

/* Begin PBXSourcesBuildPhase section */
		F4289D771C5D69A1009CFDAF /* Sources */ = {
			isa = PBXSourcesBuildPhase;
			buildActionMask = 2147483647;
			files = (
				F4289D7F1C5D69A3009CFDAF /* main.cpp in Sources */,
			);
			runOnlyForDeploymentPostprocessing = 0;
		};
/* End PBXSourcesBuildPhase section */

/* Begin XCBuildConfiguration section */
		F4289D801C5D69A3009CFDAF /* Debug */ = {
			isa = XCBuildConfiguration;
			buildSettings = {
				ALWAYS_SEARCH_USER_PATHS = NO;
				CLANG_CXX_LANGUAGE_STANDARD = "gnu++0x";
				CLANG_CXX_LIBRARY = "libc++";
				CLANG_ENABLE_MODULES = YES;
				CLANG_ENABLE_OBJC_ARC = YES;
				CLANG_WARN_BOOL_CONVERSION = YES;
				CLANG_WARN_CONSTANT_CONVERSION = YES;
				CLANG_WARN_DIRECT_OBJC_ISA_USAGE = YES_ERROR;
				CLANG_WARN_EMPTY_BODY = YES;
				CLANG_WARN_ENUM_CONVERSION = YES;
				CLANG_WARN_INT_CONVERSION = YES;
				CLANG_WARN_OBJC_ROOT_CLASS = YES_ERROR;
				CLANG_WARN_UNREACHABLE_CODE = YES;
				CLANG_WARN__DUPLICATE_METHOD_MATCH = YES;
				CODE_SIGN_IDENTITY = "-";
				COPY_PHASE_STRIP = NO;
				DEBUG_INFORMATION_FORMAT = dwarf;
				ENABLE_STRICT_OBJC_MSGSEND = YES;
				ENABLE_TESTABILITY = YES;
				GCC_C_LANGUAGE_STANDARD = gnu99;
				GCC_DYNAMIC_NO_PIC = NO;
				GCC_NO_COMMON_BLOCKS = YES;
				GCC_OPTIMIZATION_LEVEL = 0;
				GCC_PREPROCESSOR_DEFINITIONS = (
					"DEBUG=1",
					"$(inherited)",
				);
				GCC_WARN_64_TO_32_BIT_CONVERSION = YES;
				GCC_WARN_ABOUT_RETURN_TYPE = YES_ERROR;
				GCC_WARN_UNDECLARED_SELECTOR = YES;
				GCC_WARN_UNINITIALIZED_AUTOS = YES_AGGRESSIVE;
				GCC_WARN_UNUSED_FUNCTION = YES;
				GCC_WARN_UNUSED_VARIABLE = YES;
				MACOSX_DEPLOYMENT_TARGET = 10.11;
				MTL_ENABLE_DEBUG_INFO = YES;
				ONLY_ACTIVE_ARCH = YES;
				SDKROOT = macosx;
			};
			name = Debug;
		};
		F4289D811C5D69A3009CFDAF /* Release */ = {
			isa = XCBuildConfiguration;
			buildSettings = {
				ALWAYS_SEARCH_USER_PATHS = NO;
				CLANG_CXX_LANGUAGE_STANDARD = "gnu++0x";
				CLANG_CXX_LIBRARY = "libc++";
				CLANG_ENABLE_MODULES = YES;
				CLANG_ENABLE_OBJC_ARC = YES;
				CLANG_WARN_BOOL_CONVERSION = YES;
				CLANG_WARN_CONSTANT_CONVERSION = YES;
				CLANG_WARN_DIRECT_OBJC_ISA_USAGE = YES_ERROR;
				CLANG_WARN_EMPTY_BODY = YES;
				CLANG_WARN_ENUM_CONVERSION = YES;
				CLANG_WARN_INT_CONVERSION = YES;
				CLANG_WARN_OBJC_ROOT_CLASS = YES_ERROR;
				CLANG_WARN_UNREACHABLE_CODE = YES;
				CLANG_WARN__DUPLICATE_METHOD_MATCH = YES;
				CODE_SIGN_IDENTITY = "-";
				COPY_PHASE_STRIP = NO;
				DEBUG_INFORMATION_FORMAT = "dwarf-with-dsym";
				ENABLE_NS_ASSERTIONS = NO;
				ENABLE_STRICT_OBJC_MSGSEND = YES;
				GCC_C_LANGUAGE_STANDARD = gnu99;
				GCC_NO_COMMON_BLOCKS = YES;
				GCC_WARN_64_TO_32_BIT_CONVERSION = YES;
				GCC_WARN_ABOUT_RETURN_TYPE = YES_ERROR;
				GCC_WARN_UNDECLARED_SELECTOR = YES;
				GCC_WARN_UNINITIALIZED_AUTOS = YES_AGGRESSIVE;
				GCC_WARN_UNUSED_FUNCTION = YES;
				GCC_WARN_UNUSED_VARIABLE = YES;
				MACOSX_DEPLOYMENT_TARGET = 10.11;
				MTL_ENABLE_DEBUG_INFO = NO;
				SDKROOT = macosx;
			};
			name = Release;
		};
		F4289D831C5D69A3009CFDAF /* Debug */ = {
			isa = XCBuildConfiguration;
			buildSettings = {
				PRODUCT_NAME = "$(TARGET_NAME)";
			};
			name = Debug;
		};
		F4289D841C5D69A3009CFDAF /* Release */ = {
			isa = XCBuildConfiguration;
			buildSettings = {
				PRODUCT_NAME = "$(TARGET_NAME)";
			};
			name = Release;
		};
/* End XCBuildConfiguration section */

/* Begin XCConfigurationList section */
		F4289D761C5D69A0009CFDAF /* Build configuration list for PBXProject "cronometro" */ = {
			isa = XCConfigurationList;
			buildConfigurations = (
				F4289D801C5D69A3009CFDAF /* Debug */,
				F4289D811C5D69A3009CFDAF /* Release */,
			);
			defaultConfigurationIsVisible = 0;
			defaultConfigurationName = Release;
		};
		F4289D821C5D69A3009CFDAF /* Build configuration list for PBXNativeTarget "cronometro" */ = {
			isa = XCConfigurationList;
			buildConfigurations = (
				F4289D831C5D69A3009CFDAF /* Debug */,
				F4289D841C5D69A3009CFDAF /* Release */,
			);
			defaultConfigurationIsVisible = 0;
		};
/* End XCConfigurationList section */
	};
	rootObject = F4289D731C5D699F009CFDAF /* Project object */;
}
